// !$*UTF8*$!
{
	archiveVersion = 1;
	classes = {
	};
	objectVersion = 50;
	objects = {

/* Begin PBXBuildFile section */
		146A86F221FA6C0D00C4BF72 /* AppDelegate.swift in Sources */ = {isa = PBXBuildFile; fileRef = 146A86F121FA6C0D00C4BF72 /* AppDelegate.swift */; };
		146A86F421FA6C0D00C4BF72 /* ViewController.swift in Sources */ = {isa = PBXBuildFile; fileRef = 146A86F321FA6C0D00C4BF72 /* ViewController.swift */; };
		146A86F721FA6C0D00C4BF72 /* Main.storyboard in Resources */ = {isa = PBXBuildFile; fileRef = 146A86F521FA6C0D00C4BF72 /* Main.storyboard */; };
		146A86F921FA6C0D00C4BF72 /* Assets.xcassets in Resources */ = {isa = PBXBuildFile; fileRef = 146A86F821FA6C0D00C4BF72 /* Assets.xcassets */; };
		146A86FC21FA6C0D00C4BF72 /* LaunchScreen.storyboard in Resources */ = {isa = PBXBuildFile; fileRef = 146A86FA21FA6C0D00C4BF72 /* LaunchScreen.storyboard */; };
		146A870721FA6C0E00C4BF72 /* Week_3_UIkitTests.swift in Sources */ = {isa = PBXBuildFile; fileRef = 146A870621FA6C0E00C4BF72 /* Week_3_UIkitTests.swift */; };
		146A871221FA6C0E00C4BF72 /* Week_3_UIkitUITests.swift in Sources */ = {isa = PBXBuildFile; fileRef = 146A871121FA6C0E00C4BF72 /* Week_3_UIkitUITests.swift */; };
/* End PBXBuildFile section */

/* Begin PBXContainerItemProxy section */
		146A870321FA6C0E00C4BF72 /* PBXContainerItemProxy */ = {
			isa = PBXContainerItemProxy;
			containerPortal = 146A86E621FA6C0D00C4BF72 /* Project object */;
			proxyType = 1;
			remoteGlobalIDString = 146A86ED21FA6C0D00C4BF72;
			remoteInfo = "Week 3 UIkit";
		};
		146A870E21FA6C0E00C4BF72 /* PBXContainerItemProxy */ = {
			isa = PBXContainerItemProxy;
			containerPortal = 146A86E621FA6C0D00C4BF72 /* Project object */;
			proxyType = 1;
			remoteGlobalIDString = 146A86ED21FA6C0D00C4BF72;
			remoteInfo = "Week 3 UIkit";
		};
/* End PBXContainerItemProxy section */

/* Begin PBXFileReference section */
		146A86EE21FA6C0D00C4BF72 /* Week 3 UIkit.app */ = {isa = PBXFileReference; explicitFileType = wrapper.application; includeInIndex = 0; path = "Week 3 UIkit.app"; sourceTree = BUILT_PRODUCTS_DIR; };
		146A86F121FA6C0D00C4BF72 /* AppDelegate.swift */ = {isa = PBXFileReference; lastKnownFileType = sourcecode.swift; path = AppDelegate.swift; sourceTree = "<group>"; };
		146A86F321FA6C0D00C4BF72 /* ViewController.swift */ = {isa = PBXFileReference; lastKnownFileType = sourcecode.swift; path = ViewController.swift; sourceTree = "<group>"; };
		146A86F621FA6C0D00C4BF72 /* Base */ = {isa = PBXFileReference; lastKnownFileType = file.storyboard; name = Base; path = Base.lproj/Main.storyboard; sourceTree = "<group>"; };
		146A86F821FA6C0D00C4BF72 /* Assets.xcassets */ = {isa = PBXFileReference; lastKnownFileType = folder.assetcatalog; path = Assets.xcassets; sourceTree = "<group>"; };
		146A86FB21FA6C0D00C4BF72 /* Base */ = {isa = PBXFileReference; lastKnownFileType = file.storyboard; name = Base; path = Base.lproj/LaunchScreen.storyboard; sourceTree = "<group>"; };
		146A86FD21FA6C0D00C4BF72 /* Info.plist */ = {isa = PBXFileReference; lastKnownFileType = text.plist.xml; path = Info.plist; sourceTree = "<group>"; };
		146A870221FA6C0E00C4BF72 /* Week 3 UIkitTests.xctest */ = {isa = PBXFileReference; explicitFileType = wrapper.cfbundle; includeInIndex = 0; path = "Week 3 UIkitTests.xctest"; sourceTree = BUILT_PRODUCTS_DIR; };
		146A870621FA6C0E00C4BF72 /* Week_3_UIkitTests.swift */ = {isa = PBXFileReference; lastKnownFileType = sourcecode.swift; path = Week_3_UIkitTests.swift; sourceTree = "<group>"; };
		146A870821FA6C0E00C4BF72 /* Info.plist */ = {isa = PBXFileReference; lastKnownFileType = text.plist.xml; path = Info.plist; sourceTree = "<group>"; };
		146A870D21FA6C0E00C4BF72 /* Week 3 UIkitUITests.xctest */ = {isa = PBXFileReference; explicitFileType = wrapper.cfbundle; includeInIndex = 0; path = "Week 3 UIkitUITests.xctest"; sourceTree = BUILT_PRODUCTS_DIR; };
		146A871121FA6C0E00C4BF72 /* Week_3_UIkitUITests.swift */ = {isa = PBXFileReference; lastKnownFileType = sourcecode.swift; path = Week_3_UIkitUITests.swift; sourceTree = "<group>"; };
		146A871321FA6C0E00C4BF72 /* Info.plist */ = {isa = PBXFileReference; lastKnownFileType = text.plist.xml; path = Info.plist; sourceTree = "<group>"; };
/* End PBXFileReference section */

/* Begin PBXFrameworksBuildPhase section */
		146A86EB21FA6C0D00C4BF72 /* Frameworks */ = {
			isa = PBXFrameworksBuildPhase;
			buildActionMask = 2147483647;
			files = (
			);
			runOnlyForDeploymentPostprocessing = 0;
		};
		146A86FF21FA6C0E00C4BF72 /* Frameworks */ = {
			isa = PBXFrameworksBuildPhase;
			buildActionMask = 2147483647;
			files = (
			);
			runOnlyForDeploymentPostprocessing = 0;
		};
		146A870A21FA6C0E00C4BF72 /* Frameworks */ = {
			isa = PBXFrameworksBuildPhase;
			buildActionMask = 2147483647;
			files = (
			);
			runOnlyForDeploymentPostprocessing = 0;
		};
/* End PBXFrameworksBuildPhase section */

/* Begin PBXGroup section */
		146A86E521FA6C0D00C4BF72 = {
			isa = PBXGroup;
			children = (
				146A86F021FA6C0D00C4BF72 /* Week 3 UIkit */,
				146A870521FA6C0E00C4BF72 /* Week 3 UIkitTests */,
				146A871021FA6C0E00C4BF72 /* Week 3 UIkitUITests */,
				146A86EF21FA6C0D00C4BF72 /* Products */,
			);
			sourceTree = "<group>";
		};
		146A86EF21FA6C0D00C4BF72 /* Products */ = {
			isa = PBXGroup;
			children = (
				146A86EE21FA6C0D00C4BF72 /* Week 3 UIkit.app */,
				146A870221FA6C0E00C4BF72 /* Week 3 UIkitTests.xctest */,
				146A870D21FA6C0E00C4BF72 /* Week 3 UIkitUITests.xctest */,
			);
			name = Products;
			sourceTree = "<group>";
		};
		146A86F021FA6C0D00C4BF72 /* Week 3 UIkit */ = {
			isa = PBXGroup;
			children = (
				146A86F121FA6C0D00C4BF72 /* AppDelegate.swift */,
				146A86F321FA6C0D00C4BF72 /* ViewController.swift */,
				146A86F521FA6C0D00C4BF72 /* Main.storyboard */,
				146A86F821FA6C0D00C4BF72 /* Assets.xcassets */,
				146A86FA21FA6C0D00C4BF72 /* LaunchScreen.storyboard */,
				146A86FD21FA6C0D00C4BF72 /* Info.plist */,
			);
			path = "Week 3 UIkit";
			sourceTree = "<group>";
		};
		146A870521FA6C0E00C4BF72 /* Week 3 UIkitTests */ = {
			isa = PBXGroup;
			children = (
				146A870621FA6C0E00C4BF72 /* Week_3_UIkitTests.swift */,
				146A870821FA6C0E00C4BF72 /* Info.plist */,
			);
			path = "Week 3 UIkitTests";
			sourceTree = "<group>";
		};
		146A871021FA6C0E00C4BF72 /* Week 3 UIkitUITests */ = {
			isa = PBXGroup;
			children = (
				146A871121FA6C0E00C4BF72 /* Week_3_UIkitUITests.swift */,
				146A871321FA6C0E00C4BF72 /* Info.plist */,
			);
			path = "Week 3 UIkitUITests";
			sourceTree = "<group>";
		};
/* End PBXGroup section */

/* Begin PBXNativeTarget section */
		146A86ED21FA6C0D00C4BF72 /* Week 3 UIkit */ = {
			isa = PBXNativeTarget;
			buildConfigurationList = 146A871621FA6C0E00C4BF72 /* Build configuration list for PBXNativeTarget "Week 3 UIkit" */;
			buildPhases = (
				146A86EA21FA6C0D00C4BF72 /* Sources */,
				146A86EB21FA6C0D00C4BF72 /* Frameworks */,
				146A86EC21FA6C0D00C4BF72 /* Resources */,
			);
			buildRules = (
			);
			dependencies = (
			);
			name = "Week 3 UIkit";
			productName = "Week 3 UIkit";
			productReference = 146A86EE21FA6C0D00C4BF72 /* Week 3 UIkit.app */;
			productType = "com.apple.product-type.application";
		};
		146A870121FA6C0E00C4BF72 /* Week 3 UIkitTests */ = {
			isa = PBXNativeTarget;
			buildConfigurationList = 146A871921FA6C0E00C4BF72 /* Build configuration list for PBXNativeTarget "Week 3 UIkitTests" */;
			buildPhases = (
				146A86FE21FA6C0E00C4BF72 /* Sources */,
				146A86FF21FA6C0E00C4BF72 /* Frameworks */,
				146A870021FA6C0E00C4BF72 /* Resources */,
			);
			buildRules = (
			);
			dependencies = (
				146A870421FA6C0E00C4BF72 /* PBXTargetDependency */,
			);
			name = "Week 3 UIkitTests";
			productName = "Week 3 UIkitTests";
			productReference = 146A870221FA6C0E00C4BF72 /* Week 3 UIkitTests.xctest */;
			productType = "com.apple.product-type.bundle.unit-test";
		};
		146A870C21FA6C0E00C4BF72 /* Week 3 UIkitUITests */ = {
			isa = PBXNativeTarget;
			buildConfigurationList = 146A871C21FA6C0E00C4BF72 /* Build configuration list for PBXNativeTarget "Week 3 UIkitUITests" */;
			buildPhases = (
				146A870921FA6C0E00C4BF72 /* Sources */,
				146A870A21FA6C0E00C4BF72 /* Frameworks */,
				146A870B21FA6C0E00C4BF72 /* Resources */,
			);
			buildRules = (
			);
			dependencies = (
				146A870F21FA6C0E00C4BF72 /* PBXTargetDependency */,
			);
			name = "Week 3 UIkitUITests";
			productName = "Week 3 UIkitUITests";
			productReference = 146A870D21FA6C0E00C4BF72 /* Week 3 UIkitUITests.xctest */;
			productType = "com.apple.product-type.bundle.ui-testing";
		};
/* End PBXNativeTarget section */

/* Begin PBXProject section */
		146A86E621FA6C0D00C4BF72 /* Project object */ = {
			isa = PBXProject;
			attributes = {
				LastSwiftUpdateCheck = 0940;
				LastUpgradeCheck = 0940;
				ORGANIZATIONNAME = "Berriault Ryan H.";
				TargetAttributes = {
					146A86ED21FA6C0D00C4BF72 = {
						CreatedOnToolsVersion = 9.4.1;
					};
					146A870121FA6C0E00C4BF72 = {
						CreatedOnToolsVersion = 9.4.1;
						TestTargetID = 146A86ED21FA6C0D00C4BF72;
					};
					146A870C21FA6C0E00C4BF72 = {
						CreatedOnToolsVersion = 9.4.1;
						TestTargetID = 146A86ED21FA6C0D00C4BF72;
					};
				};
			};
			buildConfigurationList = 146A86E921FA6C0D00C4BF72 /* Build configuration list for PBXProject "Week 3 UIkit" */;
			compatibilityVersion = "Xcode 9.3";
			developmentRegion = en;
			hasScannedForEncodings = 0;
			knownRegions = (
				en,
				Base,
			);
			mainGroup = 146A86E521FA6C0D00C4BF72;
			productRefGroup = 146A86EF21FA6C0D00C4BF72 /* Products */;
			projectDirPath = "";
			projectRoot = "";
			targets = (
				146A86ED21FA6C0D00C4BF72 /* Week 3 UIkit */,
				146A870121FA6C0E00C4BF72 /* Week 3 UIkitTests */,
				146A870C21FA6C0E00C4BF72 /* Week 3 UIkitUITests */,
			);
		};
/* End PBXProject section */

/* Begin PBXResourcesBuildPhase section */
		146A86EC21FA6C0D00C4BF72 /* Resources */ = {
			isa = PBXResourcesBuildPhase;
			buildActionMask = 2147483647;
			files = (
				146A86FC21FA6C0D00C4BF72 /* LaunchScreen.storyboard in Resources */,
				146A86F921FA6C0D00C4BF72 /* Assets.xcassets in Resources */,
				146A86F721FA6C0D00C4BF72 /* Main.storyboard in Resources */,
			);
			runOnlyForDeploymentPostprocessing = 0;
		};
		146A870021FA6C0E00C4BF72 /* Resources */ = {
			isa = PBXResourcesBuildPhase;
			buildActionMask = 2147483647;
			files = (
			);
			runOnlyForDeploymentPostprocessing = 0;
		};
		146A870B21FA6C0E00C4BF72 /* Resources */ = {
			isa = PBXResourcesBuildPhase;
			buildActionMask = 2147483647;
			files = (
			);
			runOnlyForDeploymentPostprocessing = 0;
		};
/* End PBXResourcesBuildPhase section */

/* Begin PBXSourcesBuildPhase section */
		146A86EA21FA6C0D00C4BF72 /* Sources */ = {
			isa = PBXSourcesBuildPhase;
			buildActionMask = 2147483647;
			files = (
				146A86F421FA6C0D00C4BF72 /* ViewController.swift in Sources */,
				146A86F221FA6C0D00C4BF72 /* AppDelegate.swift in Sources */,
			);
			runOnlyForDeploymentPostprocessing = 0;
		};
		146A86FE21FA6C0E00C4BF72 /* Sources */ = {
			isa = PBXSourcesBuildPhase;
			buildActionMask = 2147483647;
			files = (
				146A870721FA6C0E00C4BF72 /* Week_3_UIkitTests.swift in Sources */,
			);
			runOnlyForDeploymentPostprocessing = 0;
		};
		146A870921FA6C0E00C4BF72 /* Sources */ = {
			isa = PBXSourcesBuildPhase;
			buildActionMask = 2147483647;
			files = (
				146A871221FA6C0E00C4BF72 /* Week_3_UIkitUITests.swift in Sources */,
			);
			runOnlyForDeploymentPostprocessing = 0;
		};
/* End PBXSourcesBuildPhase section */

/* Begin PBXTargetDependency section */
		146A870421FA6C0E00C4BF72 /* PBXTargetDependency */ = {
			isa = PBXTargetDependency;
			target = 146A86ED21FA6C0D00C4BF72 /* Week 3 UIkit */;
			targetProxy = 146A870321FA6C0E00C4BF72 /* PBXContainerItemProxy */;
		};
		146A870F21FA6C0E00C4BF72 /* PBXTargetDependency */ = {
			isa = PBXTargetDependency;
			target = 146A86ED21FA6C0D00C4BF72 /* Week 3 UIkit */;
			targetProxy = 146A870E21FA6C0E00C4BF72 /* PBXContainerItemProxy */;
		};
/* End PBXTargetDependency section */

/* Begin PBXVariantGroup section */
		146A86F521FA6C0D00C4BF72 /* Main.storyboard */ = {
			isa = PBXVariantGroup;
			children = (
				146A86F621FA6C0D00C4BF72 /* Base */,
			);
			name = Main.storyboard;
			sourceTree = "<group>";
		};
		146A86FA21FA6C0D00C4BF72 /* LaunchScreen.storyboard */ = {
			isa = PBXVariantGroup;
			children = (
				146A86FB21FA6C0D00C4BF72 /* Base */,
			);
			name = LaunchScreen.storyboard;
			sourceTree = "<group>";
		};
/* End PBXVariantGroup section */

/* Begin XCBuildConfiguration section */
		146A871421FA6C0E00C4BF72 /* Debug */ = {
			isa = XCBuildConfiguration;
			buildSettings = {
				ALWAYS_SEARCH_USER_PATHS = NO;
				CLANG_ANALYZER_NONNULL = YES;
				CLANG_ANALYZER_NUMBER_OBJECT_CONVERSION = YES_AGGRESSIVE;
				CLANG_CXX_LANGUAGE_STANDARD = "gnu++14";
				CLANG_CXX_LIBRARY = "libc++";
				CLANG_ENABLE_MODULES = YES;
				CLANG_ENABLE_OBJC_ARC = YES;
				CLANG_ENABLE_OBJC_WEAK = YES;
				CLANG_WARN_BLOCK_CAPTURE_AUTORELEASING = YES;
				CLANG_WARN_BOOL_CONVERSION = YES;
				CLANG_WARN_COMMA = YES;
				CLANG_WARN_CONSTANT_CONVERSION = YES;
				CLANG_WARN_DEPRECATED_OBJC_IMPLEMENTATIONS = YES;
				CLANG_WARN_DIRECT_OBJC_ISA_USAGE = YES_ERROR;
				CLANG_WARN_DOCUMENTATION_COMMENTS = YES;
				CLANG_WARN_EMPTY_BODY = YES;
				CLANG_WARN_ENUM_CONVERSION = YES;
				CLANG_WARN_INFINITE_RECURSION = YES;
				CLANG_WARN_INT_CONVERSION = YES;
				CLANG_WARN_NON_LITERAL_NULL_CONVERSION = YES;
				CLANG_WARN_OBJC_IMPLICIT_RETAIN_SELF = YES;
				CLANG_WARN_OBJC_LITERAL_CONVERSION = YES;
				CLANG_WARN_OBJC_ROOT_CLASS = YES_ERROR;
				CLANG_WARN_RANGE_LOOP_ANALYSIS = YES;
				CLANG_WARN_STRICT_PROTOTYPES = YES;
				CLANG_WARN_SUSPICIOUS_MOVE = YES;
				CLANG_WARN_UNGUARDED_AVAILABILITY = YES_AGGRESSIVE;
				CLANG_WARN_UNREACHABLE_CODE = YES;
				CLANG_WARN__DUPLICATE_METHOD_MATCH = YES;
				CODE_SIGN_IDENTITY = "iPhone Developer";
				COPY_PHASE_STRIP = NO;
				DEBUG_INFORMATION_FORMAT = dwarf;
				ENABLE_STRICT_OBJC_MSGSEND = YES;
				ENABLE_TESTABILITY = YES;
				GCC_C_LANGUAGE_STANDARD = gnu11;
				GCC_DYNAMIC_NO_PIC = NO;
				GCC_NO_COMMON_BLOCKS = YES;
				GCC_OPTIMIZATION_LEVEL = 0;
				GCC_PREPROCESSOR_DEFINITIONS = (
					"DEBUG=1",
					"$(inherited)",
				);
				GCC_WARN_64_TO_32_BIT_CONVERSION = YES;
				GCC_WARN_ABOUT_RETURN_TYPE = YES_ERROR;
				GCC_WARN_UNDECLARED_SELECTOR = YES;
				GCC_WARN_UNINITIALIZED_AUTOS = YES_AGGRESSIVE;
				GCC_WARN_UNUSED_FUNCTION = YES;
				GCC_WARN_UNUSED_VARIABLE = YES;
				IPHONEOS_DEPLOYMENT_TARGET = 11.4;
				MTL_ENABLE_DEBUG_INFO = YES;
				ONLY_ACTIVE_ARCH = YES;
				SDKROOT = iphoneos;
				SWIFT_ACTIVE_COMPILATION_CONDITIONS = DEBUG;
				SWIFT_OPTIMIZATION_LEVEL = "-Onone";
			};
			name = Debug;
		};
		146A871521FA6C0E00C4BF72 /* Release */ = {
			isa = XCBuildConfiguration;
			buildSettings = {
				ALWAYS_SEARCH_USER_PATHS = NO;
				CLANG_ANALYZER_NONNULL = YES;
				CLANG_ANALYZER_NUMBER_OBJECT_CONVERSION = YES_AGGRESSIVE;
				CLANG_CXX_LANGUAGE_STANDARD = "gnu++14";
				CLANG_CXX_LIBRARY = "libc++";
				CLANG_ENABLE_MODULES = YES;
				CLANG_ENABLE_OBJC_ARC = YES;
				CLANG_ENABLE_OBJC_WEAK = YES;
				CLANG_WARN_BLOCK_CAPTURE_AUTORELEASING = YES;
				CLANG_WARN_BOOL_CONVERSION = YES;
				CLANG_WARN_COMMA = YES;
				CLANG_WARN_CONSTANT_CONVERSION = YES;
				CLANG_WARN_DEPRECATED_OBJC_IMPLEMENTATIONS = YES;
				CLANG_WARN_DIRECT_OBJC_ISA_USAGE = YES_ERROR;
				CLANG_WARN_DOCUMENTATION_COMMENTS = YES;
				CLANG_WARN_EMPTY_BODY = YES;
				CLANG_WARN_ENUM_CONVERSION = YES;
				CLANG_WARN_INFINITE_RECURSION = YES;
				CLANG_WARN_INT_CONVERSION = YES;
				CLANG_WARN_NON_LITERAL_NULL_CONVERSION = YES;
				CLANG_WARN_OBJC_IMPLICIT_RETAIN_SELF = YES;
				CLANG_WARN_OBJC_LITERAL_CONVERSION = YES;
				CLANG_WARN_OBJC_ROOT_CLASS = YES_ERROR;
				CLANG_WARN_RANGE_LOOP_ANALYSIS = YES;
				CLANG_WARN_STRICT_PROTOTYPES = YES;
				CLANG_WARN_SUSPICIOUS_MOVE = YES;
				CLANG_WARN_UNGUARDED_AVAILABILITY = YES_AGGRESSIVE;
				CLANG_WARN_UNREACHABLE_CODE = YES;
				CLANG_WARN__DUPLICATE_METHOD_MATCH = YES;
				CODE_SIGN_IDENTITY = "iPhone Developer";
				COPY_PHASE_STRIP = NO;
				DEBUG_INFORMATION_FORMAT = "dwarf-with-dsym";
				ENABLE_NS_ASSERTIONS = NO;
				ENABLE_STRICT_OBJC_MSGSEND = YES;
				GCC_C_LANGUAGE_STANDARD = gnu11;
				GCC_NO_COMMON_BLOCKS = YES;
				GCC_WARN_64_TO_32_BIT_CONVERSION = YES;
				GCC_WARN_ABOUT_RETURN_TYPE = YES_ERROR;
				GCC_WARN_UNDECLARED_SELECTOR = YES;
				GCC_WARN_UNINITIALIZED_AUTOS = YES_AGGRESSIVE;
				GCC_WARN_UNUSED_FUNCTION = YES;
				GCC_WARN_UNUSED_VARIABLE = YES;
				IPHONEOS_DEPLOYMENT_TARGET = 11.4;
				MTL_ENABLE_DEBUG_INFO = NO;
				SDKROOT = iphoneos;
				SWIFT_COMPILATION_MODE = wholemodule;
				SWIFT_OPTIMIZATION_LEVEL = "-O";
				VALIDATE_PRODUCT = YES;
			};
			name = Release;
		};
		146A871721FA6C0E00C4BF72 /* Debug */ = {
			isa = XCBuildConfiguration;
			buildSettings = {
				ASSETCATALOG_COMPILER_APPICON_NAME = AppIcon;
				CODE_SIGN_STYLE = Automatic;
				INFOPLIST_FILE = "Week 3 UIkit/Info.plist";
				LD_RUNPATH_SEARCH_PATHS = (
					"$(inherited)",
					"@executable_path/Frameworks",
				);
				PRODUCT_BUNDLE_IDENTIFIER = "RHB.Week-3-UIkit";
				PRODUCT_NAME = "$(TARGET_NAME)";
				SWIFT_VERSION = 4.0;
				TARGETED_DEVICE_FAMILY = "1,2";
			};
			name = Debug;
		};
		146A871821FA6C0E00C4BF72 /* Release */ = {
			isa = XCBuildConfiguration;
			buildSettings = {
				ASSETCATALOG_COMPILER_APPICON_NAME = AppIcon;
				CODE_SIGN_STYLE = Automatic;
				INFOPLIST_FILE = "Week 3 UIkit/Info.plist";
				LD_RUNPATH_SEARCH_PATHS = (
					"$(inherited)",
					"@executable_path/Frameworks",
				);
				PRODUCT_BUNDLE_IDENTIFIER = "RHB.Week-3-UIkit";
				PRODUCT_NAME = "$(TARGET_NAME)";
				SWIFT_VERSION = 4.0;
				TARGETED_DEVICE_FAMILY = "1,2";
			};
			name = Release;
		};
		146A871A21FA6C0E00C4BF72 /* Debug */ = {
			isa = XCBuildConfiguration;
			buildSettings = {
				ALWAYS_EMBED_SWIFT_STANDARD_LIBRARIES = YES;
				BUNDLE_LOADER = "$(TEST_HOST)";
				CODE_SIGN_STYLE = Automatic;
				INFOPLIST_FILE = "Week 3 UIkitTests/Info.plist";
				LD_RUNPATH_SEARCH_PATHS = (
					"$(inherited)",
					"@executable_path/Frameworks",
					"@loader_path/Frameworks",
				);
				PRODUCT_BUNDLE_IDENTIFIER = "RHB.Week-3-UIkitTests";
				PRODUCT_NAME = "$(TARGET_NAME)";
				SWIFT_VERSION = 4.0;
				TARGETED_DEVICE_FAMILY = "1,2";
				TEST_HOST = "$(BUILT_PRODUCTS_DIR)/Week 3 UIkit.app/Week 3 UIkit";
			};
			name = Debug;
		};
		146A871B21FA6C0E00C4BF72 /* Release */ = {
			isa = XCBuildConfiguration;
			buildSettings = {
				ALWAYS_EMBED_SWIFT_STANDARD_LIBRARIES = YES;
				BUNDLE_LOADER = "$(TEST_HOST)";
				CODE_SIGN_STYLE = Automatic;
				INFOPLIST_FILE = "Week 3 UIkitTests/Info.plist";
				LD_RUNPATH_SEARCH_PATHS = (
					"$(inherited)",
					"@executable_path/Frameworks",
					"@loader_path/Frameworks",
				);
				PRODUCT_BUNDLE_IDENTIFIER = "RHB.Week-3-UIkitTests";
				PRODUCT_NAME = "$(TARGET_NAME)";
				SWIFT_VERSION = 4.0;
				TARGETED_DEVICE_FAMILY = "1,2";
				TEST_HOST = "$(BUILT_PRODUCTS_DIR)/Week 3 UIkit.app/Week 3 UIkit";
			};
			name = Release;
		};
		146A871D21FA6C0E00C4BF72 /* Debug */ = {
			isa = XCBuildConfiguration;
			buildSettings = {
				ALWAYS_EMBED_SWIFT_STANDARD_LIBRARIES = YES;
				CODE_SIGN_STYLE = Automatic;
				INFOPLIST_FILE = "Week 3 UIkitUITests/Info.plist";
				LD_RUNPATH_SEARCH_PATHS = (
					"$(inherited)",
					"@executable_path/Frameworks",
					"@loader_path/Frameworks",
				);
				PRODUCT_BUNDLE_IDENTIFIER = "RHB.Week-3-UIkitUITests";
				PRODUCT_NAME = "$(TARGET_NAME)";
				SWIFT_VERSION = 4.0;
				TARGETED_DEVICE_FAMILY = "1,2";
				TEST_TARGET_NAME = "Week 3 UIkit";
			};
			name = Debug;
		};
		146A871E21FA6C0E00C4BF72 /* Release */ = {
			isa = XCBuildConfiguration;
			buildSettings = {
				ALWAYS_EMBED_SWIFT_STANDARD_LIBRARIES = YES;
				CODE_SIGN_STYLE = Automatic;
				INFOPLIST_FILE = "Week 3 UIkitUITests/Info.plist";
				LD_RUNPATH_SEARCH_PATHS = (
					"$(inherited)",
					"@executable_path/Frameworks",
					"@loader_path/Frameworks",
				);
				PRODUCT_BUNDLE_IDENTIFIER = "RHB.Week-3-UIkitUITests";
				PRODUCT_NAME = "$(TARGET_NAME)";
				SWIFT_VERSION = 4.0;
				TARGETED_DEVICE_FAMILY = "1,2";
				TEST_TARGET_NAME = "Week 3 UIkit";
			};
			name = Release;
		};
/* End XCBuildConfiguration section */

/* Begin XCConfigurationList section */
		146A86E921FA6C0D00C4BF72 /* Build configuration list for PBXProject "Week 3 UIkit" */ = {
			isa = XCConfigurationList;
			buildConfigurations = (
				146A871421FA6C0E00C4BF72 /* Debug */,
				146A871521FA6C0E00C4BF72 /* Release */,
			);
			defaultConfigurationIsVisible = 0;
			defaultConfigurationName = Release;
		};
		146A871621FA6C0E00C4BF72 /* Build configuration list for PBXNativeTarget "Week 3 UIkit" */ = {
			isa = XCConfigurationList;
			buildConfigurations = (
				146A871721FA6C0E00C4BF72 /* Debug */,
				146A871821FA6C0E00C4BF72 /* Release */,
			);
			defaultConfigurationIsVisible = 0;
			defaultConfigurationName = Release;
		};
		146A871921FA6C0E00C4BF72 /* Build configuration list for PBXNativeTarget "Week 3 UIkitTests" */ = {
			isa = XCConfigurationList;
			buildConfigurations = (
				146A871A21FA6C0E00C4BF72 /* Debug */,
				146A871B21FA6C0E00C4BF72 /* Release */,
			);
			defaultConfigurationIsVisible = 0;
			defaultConfigurationName = Release;
		};
		146A871C21FA6C0E00C4BF72 /* Build configuration list for PBXNativeTarget "Week 3 UIkitUITests" */ = {
			isa = XCConfigurationList;
			buildConfigurations = (
				146A871D21FA6C0E00C4BF72 /* Debug */,
				146A871E21FA6C0E00C4BF72 /* Release */,
			);
			defaultConfigurationIsVisible = 0;
			defaultConfigurationName = Release;
		};
/* End XCConfigurationList section */
	};
	rootObject = 146A86E621FA6C0D00C4BF72 /* Project object */;
}
